
Microsoft Visual Studio Solution File, Format Version 12.00
# Visual Studio 2013
VisualStudioVersion = 12.0.21005.1
MinimumVisualStudioVersion = 10.0.40219.1
Project("{8BC9CEB8-8B4A-11D0-8D11-00A0C91BC942}") = "RobotMain", "RobotMain.vcxproj", "{35D3AA4E-91DB-44D0-B1EB-BB87DB377389}"
EndProject
Global
	GlobalSection(SolutionConfigurationPlatforms) = preSolution
		Debug|Win32 = Debug|Win32
		Release|Win32 = Release|Win32
	EndGlobalSection
	GlobalSection(ProjectConfigurationPlatforms) = postSolution
		{35D3AA4E-91DB-44D0-B1EB-BB87DB377389}.Debug|Win32.ActiveCfg = Debug|Win32
		{35D3AA4E-91DB-44D0-B1EB-BB87DB377389}.Debug|Win32.Build.0 = Debug|Win32
		{35D3AA4E-91DB-44D0-B1EB-BB87DB377389}.Release|Win32.ActiveCfg = Release|Win32
		{35D3AA4E-91DB-44D0-B1EB-BB87DB377389}.Release|Win32.Build.0 = Release|Win32
	EndGlobalSection
	GlobalSection(SolutionProperties) = preSolution
		HideSolutionNode = FALSE
	EndGlobalSection
EndGlobal
